
Microsoft Visual Studio Solution File, Format Version 12.00
# Visual Studio Version 17
VisualStudioVersion = 17.12.35527.113 d17.12
MinimumVisualStudioVersion = 10.0.40219.1
Project("{FAE04EC0-301F-11D3-BF4B-00C04F79EFBC}") = "OOP06", "OOP06\OOP06.csproj", "{C5A4079F-E013-4796-A3BF-3324AE4F4A05}"
EndProject
Project("{FAE04EC0-301F-11D3-BF4B-00C04F79EFBC}") = "ASS06", "ASS06\ASS06.csproj", "{E8C669AB-08D7-46A5-A258-9EED2206B54C}"
EndProject
Global
	GlobalSection(SolutionConfigurationPlatforms) = preSolution
		Debug|Any CPU = Debug|Any CPU
		Release|Any CPU = Release|Any CPU
	EndGlobalSection
	GlobalSection(ProjectConfigurationPlatforms) = postSolution
		{C5A4079F-E013-4796-A3BF-3324AE4F4A05}.Debug|Any CPU.ActiveCfg = Debug|Any CPU
		{C5A4079F-E013-4796-A3BF-3324AE4F4A05}.Debug|Any CPU.Build.0 = Debug|Any CPU
		{C5A4079F-E013-4796-A3BF-3324AE4F4A05}.Release|Any CPU.ActiveCfg = Release|Any CPU
		{C5A4079F-E013-4796-A3BF-3324AE4F4A05}.Release|Any CPU.Build.0 = Release|Any CPU
		{E8C669AB-08D7-46A5-A258-9EED2206B54C}.Debug|Any CPU.ActiveCfg = Debug|Any CPU
		{E8C669AB-08D7-46A5-A258-9EED2206B54C}.Debug|Any CPU.Build.0 = Debug|Any CPU
		{E8C669AB-08D7-46A5-A258-9EED2206B54C}.Release|Any CPU.ActiveCfg = Release|Any CPU
		{E8C669AB-08D7-46A5-A258-9EED2206B54C}.Release|Any CPU.Build.0 = Release|Any CPU
	EndGlobalSection
	GlobalSection(SolutionProperties) = preSolution
		HideSolutionNode = FALSE
	EndGlobalSection
EndGlobal
